
Microsoft Visual Studio Solution File, Format Version 12.00
# Visual Studio Version 16
VisualStudioVersion = 16.0.31205.134
MinimumVisualStudioVersion = 10.0.40219.1
Project("{FAE04EC0-301F-11D3-BF4B-00C04F79EFBC}") = "Guus_Reise", "Guus_Reise.csproj", "{FCF613F0-F28D-4F5B-95ED-A983BFB17278}"
EndProject
Global
	GlobalSection(SolutionConfigurationPlatforms) = preSolution
		Debug|Any CPU = Debug|Any CPU
		Release|Any CPU = Release|Any CPU
	EndGlobalSection
	GlobalSection(ProjectConfigurationPlatforms) = postSolution
		{FCF613F0-F28D-4F5B-95ED-A983BFB17278}.Debug|Any CPU.ActiveCfg = Debug|Any CPU
		{FCF613F0-F28D-4F5B-95ED-A983BFB17278}.Debug|Any CPU.Build.0 = Debug|Any CPU
		{FCF613F0-F28D-4F5B-95ED-A983BFB17278}.Release|Any CPU.ActiveCfg = Release|Any CPU
		{FCF613F0-F28D-4F5B-95ED-A983BFB17278}.Release|Any CPU.Build.0 = Release|Any CPU
	EndGlobalSection
	GlobalSection(SolutionProperties) = preSolution
		HideSolutionNode = FALSE
	EndGlobalSection
	GlobalSection(ExtensibilityGlobals) = postSolution
		SolutionGuid = {1CBDF062-2143-40C5-9151-1A700165B1C2}
	EndGlobalSection
EndGlobal
